Microsoft Visual Studio Solution File, Format Version 12.00
# Visual Studio Version 17
VisualStudioVersion = 17.1.32210.238
MinimumVisualStudioVersion = 15.0.26124.0
Project("{2150E333-8FDC-42A3-9474-1A3956D46DE8}") = "src", "src", "{F606A719-951D-4211-A965-F137EC206174}"
EndProject
Project("{6EC3EE1D-3C4E-46DD-8F32-0CC8E7565705}") = "Scratch", "src\Scratch\Scratch.fsproj", "{7DB8B08F-4EE5-41DD-B951-5402D5F08EDE}"
EndProject
Project("{2150E333-8FDC-42A3-9474-1A3956D46DE8}") = "tests", "tests", "{19C3B053-83A2-43D0-9B24-60B453A2CE1B}"
EndProject
Project("{6EC3EE1D-3C4E-46DD-8F32-0CC8E7565705}") = "Scratch.Tests", "tests\Scratch.Tests\Scratch.Tests.fsproj", "{1E316B58-081D-4C53-8A09-250A69EB31D1}"
EndProject
Project("{6EC3EE1D-3C4E-46DD-8F32-0CC8E7565705}") = "Scratch.Runtime", "src\Scratch.Runtime\Scratch.Runtime.fsproj", "{B62579A5-A9A0-4450-BCCA-C047A36A170B}"
EndProject
Project("{6EC3EE1D-3C4E-46DD-8F32-0CC8E7565705}") = "Scratch.Transpiler", "src\Scratch.Transpiler\Scratch.Transpiler.fsproj", "{77A9CFD4-D8FD-414D-BDF3-B2529B911881}"
EndProject
Project("{6EC3EE1D-3C4E-46DD-8F32-0CC8E7565705}") = "Scratch.Detranspiler", "src\Scratch.Detranspiler\Scratch.Detranspiler.fsproj", "{C8F26BE5-367A-48CF-8CA1-D2D9BD531C5A}"
EndProject
Project("{6EC3EE1D-3C4E-46DD-8F32-0CC8E7565705}") = "Scratch.Json", "src\Scratch.Json\Scratch.Json.fsproj", "{BAC980B9-3416-4BFC-A2E4-65715BD96635}"
EndProject
Project("{2150E333-8FDC-42A3-9474-1A3956D46DE8}") = "Solution Items", "Solution Items", "{4D362984-D7AB-469C-89A4-5884EBA8BEBE}"
	ProjectSection(SolutionItems) = preProject
		build.cmd = build.cmd
		build.sh = build.sh
		pack.cmd = pack.cmd
		paket.dependencies = paket.dependencies
	EndProjectSection
EndProject
Project("{6EC3EE1D-3C4E-46DD-8F32-0CC8E7565705}") = "scratch-tester", "tests\scratch-tester\scratch-tester.fsproj", "{9E733DFA-AEC1-4CCC-8D41-9D888BAD6237}"
EndProject
Project("{6EC3EE1D-3C4E-46DD-8F32-0CC8E7565705}") = "Scratch.IsolatedTester", "tests\Scratch.IsolatedTester\Scratch.IsolatedTester.fsproj", "{88D2A618-3E79-4AFA-875B-EDCE01BB2EAC}"
EndProject
Project("{6EC3EE1D-3C4E-46DD-8F32-0CC8E7565705}") = "Scratch.Reflection", "src\Scratch.Reflection\Scratch.Reflection.fsproj", "{8109078E-45B5-48DF-8835-6D7CBB1E4219}"
EndProject
Project("{6EC3EE1D-3C4E-46DD-8F32-0CC8E7565705}") = "Scratch.Primitives", "src\Scratch.Primitives\Scratch.Primitives.fsproj", "{33A5DD01-C688-4152-AF36-4CB7D86D78CF}"
EndProject
Project("{6EC3EE1D-3C4E-46DD-8F32-0CC8E7565705}") = "Scratch.Evaluator", "src\Scratch.Evaluator\Scratch.Evaluator.fsproj", "{699663CB-9830-4FF7-BC15-007523739DC7}"
EndProject
Project("{6EC3EE1D-3C4E-46DD-8F32-0CC8E7565705}") = "Scratch.Executor", "src\Scratch.Executor\Scratch.Executor.fsproj", "{6D3EB197-EDA6-4761-B6B3-1511EFF5851D}"
EndProject
Project("{2150E333-8FDC-42A3-9474-1A3956D46DE8}") = "analyzers", "analyzers", "{B60311F1-B2CF-47A0-BD9D-73F11D1701CE}"
	ProjectSection(SolutionItems) = preProject
		tests\analyzers\AssemblyAnalyzer.fsx = tests\analyzers\AssemblyAnalyzer.fsx
		tests\analyzers\CecilEx.fsx = tests\analyzers\CecilEx.fsx
		tests\analyzers\Print.fsx = tests\analyzers\Print.fsx
		tests\analyzers\SeqEx.fsx = tests\analyzers\SeqEx.fsx
	EndProjectSection
EndProject
Project("{6EC3EE1D-3C4E-46DD-8F32-0CC8E7565705}") = "Scratch.Packaging", "src\Scratch.Packaging\Scratch.Packaging.fsproj", "{96C93048-D655-4E07-860A-1C7FBF623A3C}"
EndProject
Project("{6EC3EE1D-3C4E-46DD-8F32-0CC8E7565705}") = "Scratch.Transformers", "src\Scratch.Transformers\Scratch.Transformers.fsproj", "{287BAAF3-B53C-4B39-905C-1BD9932906B2}"
EndProject
Project("{6EC3EE1D-3C4E-46DD-8F32-0CC8E7565705}") = "Scratch.Test.Helpers", "tests\Scratch.Test.Helpers\Scratch.Test.Helpers.fsproj", "{1BF94881-573D-49E0-B498-DCEB6331B8C1}"
EndProject
Project("{6EC3EE1D-3C4E-46DD-8F32-0CC8E7565705}") = "Scratch.Json.Tests", "tests\Scratch.Json.Tests\Scratch.Json.Tests.fsproj", "{5BEC4381-7703-4F1B-9483-79066B1315ED}"
EndProject
Project("{6EC3EE1D-3C4E-46DD-8F32-0CC8E7565705}") = "Scratch.Runtime.Tests", "tests\Scratch.Runtime.Tests\Scratch.Runtime.Tests.fsproj", "{3AD34345-60F1-4A13-9428-A05AA38ADC01}"
EndProject
Project("{6EC3EE1D-3C4E-46DD-8F32-0CC8E7565705}") = "Scratch.Transpiler.Tests", "tests\Scratch.Transpiler.Tests\Scratch.Transpiler.Tests.fsproj", "{3F599EBA-4003-4537-8465-6BE360114651}"
EndProject
Project("{6EC3EE1D-3C4E-46DD-8F32-0CC8E7565705}") = "Scratch.IR", "src\Scratch.IR\Scratch.IR.fsproj", "{9A15B05B-932F-4876-9A57-099178E9D4DB}"
EndProject
Project("{6EC3EE1D-3C4E-46DD-8F32-0CC8E7565705}") = "Scratch.IR.Tests", "tests\Scratch.IR.Tests\Scratch.IR.Tests.fsproj", "{CA8BDA77-5221-4C3D-AED3-E4622ECEE8FC}"
EndProject
Project("{2150E333-8FDC-42A3-9474-1A3956D46DE8}") = "files", "files", "{479ED87F-A3F3-4279-B9C8-ADE2B2E81068}"
	ProjectSection(SolutionItems) = preProject
		.gitignore = .gitignore
		build.fsx = build.fsx
		.github\workflows\dotnetcore.yml = .github\workflows\dotnetcore.yml
		global.json = global.json
		LibraryBuildSettings.targets = LibraryBuildSettings.targets
		pack.fsx = pack.fsx
		package.json = package.json
		paket.dependencies = paket.dependencies
		publish.fsx = publish.fsx
		Shell.fsx = Shell.fsx
		test.fsx = test.fsx
	EndProjectSection
	ProjectSection(FolderGlobals) = preProject
		C_5_4Users_4User_4source_4Repos_4Wiinuk_1Scratch_4package_1json__JsonSchema = 
	EndProjectSection
EndProject
Global
	GlobalSection(SolutionConfigurationPlatforms) = preSolution
		Debug|Any CPU = Debug|Any CPU
		Debug|x64 = Debug|x64
		Debug|x86 = Debug|x86
		Release|Any CPU = Release|Any CPU
		Release|x64 = Release|x64
		Release|x86 = Release|x86
	EndGlobalSection
	GlobalSection(ProjectConfigurationPlatforms) = postSolution
		{7DB8B08F-4EE5-41DD-B951-5402D5F08EDE}.Debug|Any CPU.ActiveCfg = Debug|Any CPU
		{7DB8B08F-4EE5-41DD-B951-5402D5F08EDE}.Debug|Any CPU.Build.0 = Debug|Any CPU
		{7DB8B08F-4EE5-41DD-B951-5402D5F08EDE}.Debug|x64.ActiveCfg = Debug|Any CPU
		{7DB8B08F-4EE5-41DD-B951-5402D5F08EDE}.Debug|x64.Build.0 = Debug|Any CPU
		{7DB8B08F-4EE5-41DD-B951-5402D5F08EDE}.Debug|x86.ActiveCfg = Debug|Any CPU
		{7DB8B08F-4EE5-41DD-B951-5402D5F08EDE}.Debug|x86.Build.0 = Debug|Any CPU
		{7DB8B08F-4EE5-41DD-B951-5402D5F08EDE}.Release|Any CPU.ActiveCfg = Release|Any CPU
		{7DB8B08F-4EE5-41DD-B951-5402D5F08EDE}.Release|Any CPU.Build.0 = Release|Any CPU
		{7DB8B08F-4EE5-41DD-B951-5402D5F08EDE}.Release|x64.ActiveCfg = Release|Any CPU
		{7DB8B08F-4EE5-41DD-B951-5402D5F08EDE}.Release|x64.Build.0 = Release|Any CPU
		{7DB8B08F-4EE5-41DD-B951-5402D5F08EDE}.Release|x86.ActiveCfg = Release|Any CPU
		{7DB8B08F-4EE5-41DD-B951-5402D5F08EDE}.Release|x86.Build.0 = Release|Any CPU
		{1E316B58-081D-4C53-8A09-250A69EB31D1}.Debug|Any CPU.ActiveCfg = Debug|Any CPU
		{1E316B58-081D-4C53-8A09-250A69EB31D1}.Debug|Any CPU.Build.0 = Debug|Any CPU
		{1E316B58-081D-4C53-8A09-250A69EB31D1}.Debug|x64.ActiveCfg = Debug|Any CPU
		{1E316B58-081D-4C53-8A09-250A69EB31D1}.Debug|x64.Build.0 = Debug|Any CPU
		{1E316B58-081D-4C53-8A09-250A69EB31D1}.Debug|x86.ActiveCfg = Debug|Any CPU
		{1E316B58-081D-4C53-8A09-250A69EB31D1}.Debug|x86.Build.0 = Debug|Any CPU
		{1E316B58-081D-4C53-8A09-250A69EB31D1}.Release|Any CPU.ActiveCfg = Release|Any CPU
		{1E316B58-081D-4C53-8A09-250A69EB31D1}.Release|Any CPU.Build.0 = Release|Any CPU
		{1E316B58-081D-4C53-8A09-250A69EB31D1}.Release|x64.ActiveCfg = Release|Any CPU
		{1E316B58-081D-4C53-8A09-250A69EB31D1}.Release|x64.Build.0 = Release|Any CPU
		{1E316B58-081D-4C53-8A09-250A69EB31D1}.Release|x86.ActiveCfg = Release|Any CPU
		{1E316B58-081D-4C53-8A09-250A69EB31D1}.Release|x86.Build.0 = Release|Any CPU
		{B62579A5-A9A0-4450-BCCA-C047A36A170B}.Debug|Any CPU.ActiveCfg = Debug|Any CPU
		{B62579A5-A9A0-4450-BCCA-C047A36A170B}.Debug|Any CPU.Build.0 = Debug|Any CPU
		{B62579A5-A9A0-4450-BCCA-C047A36A170B}.Debug|x64.ActiveCfg = Debug|Any CPU
		{B62579A5-A9A0-4450-BCCA-C047A36A170B}.Debug|x64.Build.0 = Debug|Any CPU
		{B62579A5-A9A0-4450-BCCA-C047A36A170B}.Debug|x86.ActiveCfg = Debug|Any CPU
		{B62579A5-A9A0-4450-BCCA-C047A36A170B}.Debug|x86.Build.0 = Debug|Any CPU
		{B62579A5-A9A0-4450-BCCA-C047A36A170B}.Release|Any CPU.ActiveCfg = Release|Any CPU
		{B62579A5-A9A0-4450-BCCA-C047A36A170B}.Release|Any CPU.Build.0 = Release|Any CPU
		{B62579A5-A9A0-4450-BCCA-C047A36A170B}.Release|x64.ActiveCfg = Release|Any CPU
		{B62579A5-A9A0-4450-BCCA-C047A36A170B}.Release|x64.Build.0 = Release|Any CPU
		{B62579A5-A9A0-4450-BCCA-C047A36A170B}.Release|x86.ActiveCfg = Release|Any CPU
		{B62579A5-A9A0-4450-BCCA-C047A36A170B}.Release|x86.Build.0 = Release|Any CPU
		{77A9CFD4-D8FD-414D-BDF3-B2529B911881}.Debug|Any CPU.ActiveCfg = Debug|Any CPU
		{77A9CFD4-D8FD-414D-BDF3-B2529B911881}.Debug|Any CPU.Build.0 = Debug|Any CPU
		{77A9CFD4-D8FD-414D-BDF3-B2529B911881}.Debug|x64.ActiveCfg = Debug|Any CPU
		{77A9CFD4-D8FD-414D-BDF3-B2529B911881}.Debug|x64.Build.0 = Debug|Any CPU
		{77A9CFD4-D8FD-414D-BDF3-B2529B911881}.Debug|x86.ActiveCfg = Debug|Any CPU
		{77A9CFD4-D8FD-414D-BDF3-B2529B911881}.Debug|x86.Build.0 = Debug|Any CPU
		{77A9CFD4-D8FD-414D-BDF3-B2529B911881}.Release|Any CPU.ActiveCfg = Release|Any CPU
		{77A9CFD4-D8FD-414D-BDF3-B2529B911881}.Release|Any CPU.Build.0 = Release|Any CPU
		{77A9CFD4-D8FD-414D-BDF3-B2529B911881}.Release|x64.ActiveCfg = Release|Any CPU
		{77A9CFD4-D8FD-414D-BDF3-B2529B911881}.Release|x64.Build.0 = Release|Any CPU
		{77A9CFD4-D8FD-414D-BDF3-B2529B911881}.Release|x86.ActiveCfg = Release|Any CPU
		{77A9CFD4-D8FD-414D-BDF3-B2529B911881}.Release|x86.Build.0 = Release|Any CPU
		{C8F26BE5-367A-48CF-8CA1-D2D9BD531C5A}.Debug|Any CPU.ActiveCfg = Debug|Any CPU
		{C8F26BE5-367A-48CF-8CA1-D2D9BD531C5A}.Debug|Any CPU.Build.0 = Debug|Any CPU
		{C8F26BE5-367A-48CF-8CA1-D2D9BD531C5A}.Debug|x64.ActiveCfg = Debug|Any CPU
		{C8F26BE5-367A-48CF-8CA1-D2D9BD531C5A}.Debug|x64.Build.0 = Debug|Any CPU
		{C8F26BE5-367A-48CF-8CA1-D2D9BD531C5A}.Debug|x86.ActiveCfg = Debug|Any CPU
		{C8F26BE5-367A-48CF-8CA1-D2D9BD531C5A}.Debug|x86.Build.0 = Debug|Any CPU
		{C8F26BE5-367A-48CF-8CA1-D2D9BD531C5A}.Release|Any CPU.ActiveCfg = Release|Any CPU
		{C8F26BE5-367A-48CF-8CA1-D2D9BD531C5A}.Release|Any CPU.Build.0 = Release|Any CPU
		{C8F26BE5-367A-48CF-8CA1-D2D9BD531C5A}.Release|x64.ActiveCfg = Release|Any CPU
		{C8F26BE5-367A-48CF-8CA1-D2D9BD531C5A}.Release|x64.Build.0 = Release|Any CPU
		{C8F26BE5-367A-48CF-8CA1-D2D9BD531C5A}.Release|x86.ActiveCfg = Release|Any CPU
		{C8F26BE5-367A-48CF-8CA1-D2D9BD531C5A}.Release|x86.Build.0 = Release|Any CPU
		{BAC980B9-3416-4BFC-A2E4-65715BD96635}.Debug|Any CPU.ActiveCfg = Debug|Any CPU
		{BAC980B9-3416-4BFC-A2E4-65715BD96635}.Debug|Any CPU.Build.0 = Debug|Any CPU
		{BAC980B9-3416-4BFC-A2E4-65715BD96635}.Debug|x64.ActiveCfg = Debug|Any CPU
		{BAC980B9-3416-4BFC-A2E4-65715BD96635}.Debug|x64.Build.0 = Debug|Any CPU
		{BAC980B9-3416-4BFC-A2E4-65715BD96635}.Debug|x86.ActiveCfg = Debug|Any CPU
		{BAC980B9-3416-4BFC-A2E4-65715BD96635}.Debug|x86.Build.0 = Debug|Any CPU
		{BAC980B9-3416-4BFC-A2E4-65715BD96635}.Release|Any CPU.ActiveCfg = Release|Any CPU
		{BAC980B9-3416-4BFC-A2E4-65715BD96635}.Release|Any CPU.Build.0 = Release|Any CPU
		{BAC980B9-3416-4BFC-A2E4-65715BD96635}.Release|x64.ActiveCfg = Release|Any CPU
		{BAC980B9-3416-4BFC-A2E4-65715BD96635}.Release|x64.Build.0 = Release|Any CPU
		{BAC980B9-3416-4BFC-A2E4-65715BD96635}.Release|x86.ActiveCfg = Release|Any CPU
		{BAC980B9-3416-4BFC-A2E4-65715BD96635}.Release|x86.Build.0 = Release|Any CPU
		{9E733DFA-AEC1-4CCC-8D41-9D888BAD6237}.Debug|Any CPU.ActiveCfg = Debug|Any CPU
		{9E733DFA-AEC1-4CCC-8D41-9D888BAD6237}.Debug|Any CPU.Build.0 = Debug|Any CPU
		{9E733DFA-AEC1-4CCC-8D41-9D888BAD6237}.Debug|x64.ActiveCfg = Debug|Any CPU
		{9E733DFA-AEC1-4CCC-8D41-9D888BAD6237}.Debug|x64.Build.0 = Debug|Any CPU
		{9E733DFA-AEC1-4CCC-8D41-9D888BAD6237}.Debug|x86.ActiveCfg = Debug|Any CPU
		{9E733DFA-AEC1-4CCC-8D41-9D888BAD6237}.Debug|x86.Build.0 = Debug|Any CPU
		{9E733DFA-AEC1-4CCC-8D41-9D888BAD6237}.Release|Any CPU.ActiveCfg = Release|Any CPU
		{9E733DFA-AEC1-4CCC-8D41-9D888BAD6237}.Release|Any CPU.Build.0 = Release|Any CPU
		{9E733DFA-AEC1-4CCC-8D41-9D888BAD6237}.Release|x64.ActiveCfg = Release|Any CPU
		{9E733DFA-AEC1-4CCC-8D41-9D888BAD6237}.Release|x64.Build.0 = Release|Any CPU
		{9E733DFA-AEC1-4CCC-8D41-9D888BAD6237}.Release|x86.ActiveCfg = Release|Any CPU
		{9E733DFA-AEC1-4CCC-8D41-9D888BAD6237}.Release|x86.Build.0 = Release|Any CPU
		{88D2A618-3E79-4AFA-875B-EDCE01BB2EAC}.Debug|Any CPU.ActiveCfg = Debug|Any CPU
		{88D2A618-3E79-4AFA-875B-EDCE01BB2EAC}.Debug|Any CPU.Build.0 = Debug|Any CPU
		{88D2A618-3E79-4AFA-875B-EDCE01BB2EAC}.Debug|x64.ActiveCfg = Debug|Any CPU
		{88D2A618-3E79-4AFA-875B-EDCE01BB2EAC}.Debug|x64.Build.0 = Debug|Any CPU
		{88D2A618-3E79-4AFA-875B-EDCE01BB2EAC}.Debug|x86.ActiveCfg = Debug|Any CPU
		{88D2A618-3E79-4AFA-875B-EDCE01BB2EAC}.Debug|x86.Build.0 = Debug|Any CPU
		{88D2A618-3E79-4AFA-875B-EDCE01BB2EAC}.Release|Any CPU.ActiveCfg = Release|Any CPU
		{88D2A618-3E79-4AFA-875B-EDCE01BB2EAC}.Release|Any CPU.Build.0 = Release|Any CPU
		{88D2A618-3E79-4AFA-875B-EDCE01BB2EAC}.Release|x64.ActiveCfg = Release|Any CPU
		{88D2A618-3E79-4AFA-875B-EDCE01BB2EAC}.Release|x64.Build.0 = Release|Any CPU
		{88D2A618-3E79-4AFA-875B-EDCE01BB2EAC}.Release|x86.ActiveCfg = Release|Any CPU
		{88D2A618-3E79-4AFA-875B-EDCE01BB2EAC}.Release|x86.Build.0 = Release|Any CPU
		{8109078E-45B5-48DF-8835-6D7CBB1E4219}.Debug|Any CPU.ActiveCfg = Debug|Any CPU
		{8109078E-45B5-48DF-8835-6D7CBB1E4219}.Debug|Any CPU.Build.0 = Debug|Any CPU
		{8109078E-45B5-48DF-8835-6D7CBB1E4219}.Debug|x64.ActiveCfg = Debug|Any CPU
		{8109078E-45B5-48DF-8835-6D7CBB1E4219}.Debug|x64.Build.0 = Debug|Any CPU
		{8109078E-45B5-48DF-8835-6D7CBB1E4219}.Debug|x86.ActiveCfg = Debug|Any CPU
		{8109078E-45B5-48DF-8835-6D7CBB1E4219}.Debug|x86.Build.0 = Debug|Any CPU
		{8109078E-45B5-48DF-8835-6D7CBB1E4219}.Release|Any CPU.ActiveCfg = Release|Any CPU
		{8109078E-45B5-48DF-8835-6D7CBB1E4219}.Release|Any CPU.Build.0 = Release|Any CPU
		{8109078E-45B5-48DF-8835-6D7CBB1E4219}.Release|x64.ActiveCfg = Release|Any CPU
		{8109078E-45B5-48DF-8835-6D7CBB1E4219}.Release|x64.Build.0 = Release|Any CPU
		{8109078E-45B5-48DF-8835-6D7CBB1E4219}.Release|x86.ActiveCfg = Release|Any CPU
		{8109078E-45B5-48DF-8835-6D7CBB1E4219}.Release|x86.Build.0 = Release|Any CPU
		{33A5DD01-C688-4152-AF36-4CB7D86D78CF}.Debug|Any CPU.ActiveCfg = Debug|Any CPU
		{33A5DD01-C688-4152-AF36-4CB7D86D78CF}.Debug|Any CPU.Build.0 = Debug|Any CPU
		{33A5DD01-C688-4152-AF36-4CB7D86D78CF}.Debug|x64.ActiveCfg = Debug|Any CPU
		{33A5DD01-C688-4152-AF36-4CB7D86D78CF}.Debug|x64.Build.0 = Debug|Any CPU
		{33A5DD01-C688-4152-AF36-4CB7D86D78CF}.Debug|x86.ActiveCfg = Debug|Any CPU
		{33A5DD01-C688-4152-AF36-4CB7D86D78CF}.Debug|x86.Build.0 = Debug|Any CPU
		{33A5DD01-C688-4152-AF36-4CB7D86D78CF}.Release|Any CPU.ActiveCfg = Release|Any CPU
		{33A5DD01-C688-4152-AF36-4CB7D86D78CF}.Release|Any CPU.Build.0 = Release|Any CPU
		{33A5DD01-C688-4152-AF36-4CB7D86D78CF}.Release|x64.ActiveCfg = Release|Any CPU
		{33A5DD01-C688-4152-AF36-4CB7D86D78CF}.Release|x64.Build.0 = Release|Any CPU
		{33A5DD01-C688-4152-AF36-4CB7D86D78CF}.Release|x86.ActiveCfg = Release|Any CPU
		{33A5DD01-C688-4152-AF36-4CB7D86D78CF}.Release|x86.Build.0 = Release|Any CPU
		{699663CB-9830-4FF7-BC15-007523739DC7}.Debug|Any CPU.ActiveCfg = Debug|Any CPU
		{699663CB-9830-4FF7-BC15-007523739DC7}.Debug|Any CPU.Build.0 = Debug|Any CPU
		{699663CB-9830-4FF7-BC15-007523739DC7}.Debug|x64.ActiveCfg = Debug|Any CPU
		{699663CB-9830-4FF7-BC15-007523739DC7}.Debug|x64.Build.0 = Debug|Any CPU
		{699663CB-9830-4FF7-BC15-007523739DC7}.Debug|x86.ActiveCfg = Debug|Any CPU
		{699663CB-9830-4FF7-BC15-007523739DC7}.Debug|x86.Build.0 = Debug|Any CPU
		{699663CB-9830-4FF7-BC15-007523739DC7}.Release|Any CPU.ActiveCfg = Release|Any CPU
		{699663CB-9830-4FF7-BC15-007523739DC7}.Release|Any CPU.Build.0 = Release|Any CPU
		{699663CB-9830-4FF7-BC15-007523739DC7}.Release|x64.ActiveCfg = Release|Any CPU
		{699663CB-9830-4FF7-BC15-007523739DC7}.Release|x64.Build.0 = Release|Any CPU
		{699663CB-9830-4FF7-BC15-007523739DC7}.Release|x86.ActiveCfg = Release|Any CPU
		{699663CB-9830-4FF7-BC15-007523739DC7}.Release|x86.Build.0 = Release|Any CPU
		{6D3EB197-EDA6-4761-B6B3-1511EFF5851D}.Debug|Any CPU.ActiveCfg = Debug|Any CPU
		{6D3EB197-EDA6-4761-B6B3-1511EFF5851D}.Debug|Any CPU.Build.0 = Debug|Any CPU
		{6D3EB197-EDA6-4761-B6B3-1511EFF5851D}.Debug|x64.ActiveCfg = Debug|Any CPU
		{6D3EB197-EDA6-4761-B6B3-1511EFF5851D}.Debug|x64.Build.0 = Debug|Any CPU
		{6D3EB197-EDA6-4761-B6B3-1511EFF5851D}.Debug|x86.ActiveCfg = Debug|Any CPU
		{6D3EB197-EDA6-4761-B6B3-1511EFF5851D}.Debug|x86.Build.0 = Debug|Any CPU
		{6D3EB197-EDA6-4761-B6B3-1511EFF5851D}.Release|Any CPU.ActiveCfg = Release|Any CPU
		{6D3EB197-EDA6-4761-B6B3-1511EFF5851D}.Release|Any CPU.Build.0 = Release|Any CPU
		{6D3EB197-EDA6-4761-B6B3-1511EFF5851D}.Release|x64.ActiveCfg = Release|Any CPU
		{6D3EB197-EDA6-4761-B6B3-1511EFF5851D}.Release|x64.Build.0 = Release|Any CPU
		{6D3EB197-EDA6-4761-B6B3-1511EFF5851D}.Release|x86.ActiveCfg = Release|Any CPU
		{6D3EB197-EDA6-4761-B6B3-1511EFF5851D}.Release|x86.Build.0 = Release|Any CPU
		{96C93048-D655-4E07-860A-1C7FBF623A3C}.Debug|Any CPU.ActiveCfg = Debug|Any CPU
		{96C93048-D655-4E07-860A-1C7FBF623A3C}.Debug|Any CPU.Build.0 = Debug|Any CPU
		{96C93048-D655-4E07-860A-1C7FBF623A3C}.Debug|x64.ActiveCfg = Debug|Any CPU
		{96C93048-D655-4E07-860A-1C7FBF623A3C}.Debug|x64.Build.0 = Debug|Any CPU
		{96C93048-D655-4E07-860A-1C7FBF623A3C}.Debug|x86.ActiveCfg = Debug|Any CPU
		{96C93048-D655-4E07-860A-1C7FBF623A3C}.Debug|x86.Build.0 = Debug|Any CPU
		{96C93048-D655-4E07-860A-1C7FBF623A3C}.Release|Any CPU.ActiveCfg = Release|Any CPU
		{96C93048-D655-4E07-860A-1C7FBF623A3C}.Release|Any CPU.Build.0 = Release|Any CPU
		{96C93048-D655-4E07-860A-1C7FBF623A3C}.Release|x64.ActiveCfg = Release|Any CPU
		{96C93048-D655-4E07-860A-1C7FBF623A3C}.Release|x64.Build.0 = Release|Any CPU
		{96C93048-D655-4E07-860A-1C7FBF623A3C}.Release|x86.ActiveCfg = Release|Any CPU
		{96C93048-D655-4E07-860A-1C7FBF623A3C}.Release|x86.Build.0 = Release|Any CPU
		{287BAAF3-B53C-4B39-905C-1BD9932906B2}.Debug|Any CPU.ActiveCfg = Debug|Any CPU
		{287BAAF3-B53C-4B39-905C-1BD9932906B2}.Debug|Any CPU.Build.0 = Debug|Any CPU
		{287BAAF3-B53C-4B39-905C-1BD9932906B2}.Debug|x64.ActiveCfg = Debug|Any CPU
		{287BAAF3-B53C-4B39-905C-1BD9932906B2}.Debug|x64.Build.0 = Debug|Any CPU
		{287BAAF3-B53C-4B39-905C-1BD9932906B2}.Debug|x86.ActiveCfg = Debug|Any CPU
		{287BAAF3-B53C-4B39-905C-1BD9932906B2}.Debug|x86.Build.0 = Debug|Any CPU
		{287BAAF3-B53C-4B39-905C-1BD9932906B2}.Release|Any CPU.ActiveCfg = Release|Any CPU
		{287BAAF3-B53C-4B39-905C-1BD9932906B2}.Release|Any CPU.Build.0 = Release|Any CPU
		{287BAAF3-B53C-4B39-905C-1BD9932906B2}.Release|x64.ActiveCfg = Release|Any CPU
		{287BAAF3-B53C-4B39-905C-1BD9932906B2}.Release|x64.Build.0 = Release|Any CPU
		{287BAAF3-B53C-4B39-905C-1BD9932906B2}.Release|x86.ActiveCfg = Release|Any CPU
		{287BAAF3-B53C-4B39-905C-1BD9932906B2}.Release|x86.Build.0 = Release|Any CPU
		{1BF94881-573D-49E0-B498-DCEB6331B8C1}.Debug|Any CPU.ActiveCfg = Debug|Any CPU
		{1BF94881-573D-49E0-B498-DCEB6331B8C1}.Debug|Any CPU.Build.0 = Debug|Any CPU
		{1BF94881-573D-49E0-B498-DCEB6331B8C1}.Debug|x64.ActiveCfg = Debug|Any CPU
		{1BF94881-573D-49E0-B498-DCEB6331B8C1}.Debug|x64.Build.0 = Debug|Any CPU
		{1BF94881-573D-49E0-B498-DCEB6331B8C1}.Debug|x86.ActiveCfg = Debug|Any CPU
		{1BF94881-573D-49E0-B498-DCEB6331B8C1}.Debug|x86.Build.0 = Debug|Any CPU
		{1BF94881-573D-49E0-B498-DCEB6331B8C1}.Release|Any CPU.ActiveCfg = Release|Any CPU
		{1BF94881-573D-49E0-B498-DCEB6331B8C1}.Release|Any CPU.Build.0 = Release|Any CPU
		{1BF94881-573D-49E0-B498-DCEB6331B8C1}.Release|x64.ActiveCfg = Release|Any CPU
		{1BF94881-573D-49E0-B498-DCEB6331B8C1}.Release|x64.Build.0 = Release|Any CPU
		{1BF94881-573D-49E0-B498-DCEB6331B8C1}.Release|x86.ActiveCfg = Release|Any CPU
		{1BF94881-573D-49E0-B498-DCEB6331B8C1}.Release|x86.Build.0 = Release|Any CPU
		{5BEC4381-7703-4F1B-9483-79066B1315ED}.Debug|Any CPU.ActiveCfg = Debug|Any CPU
		{5BEC4381-7703-4F1B-9483-79066B1315ED}.Debug|Any CPU.Build.0 = Debug|Any CPU
		{5BEC4381-7703-4F1B-9483-79066B1315ED}.Debug|x64.ActiveCfg = Debug|Any CPU
		{5BEC4381-7703-4F1B-9483-79066B1315ED}.Debug|x64.Build.0 = Debug|Any CPU
		{5BEC4381-7703-4F1B-9483-79066B1315ED}.Debug|x86.ActiveCfg = Debug|Any CPU
		{5BEC4381-7703-4F1B-9483-79066B1315ED}.Debug|x86.Build.0 = Debug|Any CPU
		{5BEC4381-7703-4F1B-9483-79066B1315ED}.Release|Any CPU.ActiveCfg = Release|Any CPU
		{5BEC4381-7703-4F1B-9483-79066B1315ED}.Release|Any CPU.Build.0 = Release|Any CPU
		{5BEC4381-7703-4F1B-9483-79066B1315ED}.Release|x64.ActiveCfg = Release|Any CPU
		{5BEC4381-7703-4F1B-9483-79066B1315ED}.Release|x64.Build.0 = Release|Any CPU
		{5BEC4381-7703-4F1B-9483-79066B1315ED}.Release|x86.ActiveCfg = Release|Any CPU
		{5BEC4381-7703-4F1B-9483-79066B1315ED}.Release|x86.Build.0 = Release|Any CPU
		{3AD34345-60F1-4A13-9428-A05AA38ADC01}.Debug|Any CPU.ActiveCfg = Debug|Any CPU
		{3AD34345-60F1-4A13-9428-A05AA38ADC01}.Debug|Any CPU.Build.0 = Debug|Any CPU
		{3AD34345-60F1-4A13-9428-A05AA38ADC01}.Debug|x64.ActiveCfg = Debug|Any CPU
		{3AD34345-60F1-4A13-9428-A05AA38ADC01}.Debug|x64.Build.0 = Debug|Any CPU
		{3AD34345-60F1-4A13-9428-A05AA38ADC01}.Debug|x86.ActiveCfg = Debug|Any CPU
		{3AD34345-60F1-4A13-9428-A05AA38ADC01}.Debug|x86.Build.0 = Debug|Any CPU
		{3AD34345-60F1-4A13-9428-A05AA38ADC01}.Release|Any CPU.ActiveCfg = Release|Any CPU
		{3AD34345-60F1-4A13-9428-A05AA38ADC01}.Release|Any CPU.Build.0 = Release|Any CPU
		{3AD34345-60F1-4A13-9428-A05AA38ADC01}.Release|x64.ActiveCfg = Release|Any CPU
		{3AD34345-60F1-4A13-9428-A05AA38ADC01}.Release|x64.Build.0 = Release|Any CPU
		{3AD34345-60F1-4A13-9428-A05AA38ADC01}.Release|x86.ActiveCfg = Release|Any CPU
		{3AD34345-60F1-4A13-9428-A05AA38ADC01}.Release|x86.Build.0 = Release|Any CPU
		{3F599EBA-4003-4537-8465-6BE360114651}.Debug|Any CPU.ActiveCfg = Debug|Any CPU
		{3F599EBA-4003-4537-8465-6BE360114651}.Debug|Any CPU.Build.0 = Debug|Any CPU
		{3F599EBA-4003-4537-8465-6BE360114651}.Debug|x64.ActiveCfg = Debug|Any CPU
		{3F599EBA-4003-4537-8465-6BE360114651}.Debug|x64.Build.0 = Debug|Any CPU
		{3F599EBA-4003-4537-8465-6BE360114651}.Debug|x86.ActiveCfg = Debug|Any CPU
		{3F599EBA-4003-4537-8465-6BE360114651}.Debug|x86.Build.0 = Debug|Any CPU
		{3F599EBA-4003-4537-8465-6BE360114651}.Release|Any CPU.ActiveCfg = Release|Any CPU
		{3F599EBA-4003-4537-8465-6BE360114651}.Release|Any CPU.Build.0 = Release|Any CPU
		{3F599EBA-4003-4537-8465-6BE360114651}.Release|x64.ActiveCfg = Release|Any CPU
		{3F599EBA-4003-4537-8465-6BE360114651}.Release|x64.Build.0 = Release|Any CPU
		{3F599EBA-4003-4537-8465-6BE360114651}.Release|x86.ActiveCfg = Release|Any CPU
		{3F599EBA-4003-4537-8465-6BE360114651}.Release|x86.Build.0 = Release|Any CPU
		{9A15B05B-932F-4876-9A57-099178E9D4DB}.Debug|Any CPU.ActiveCfg = Debug|Any CPU
		{9A15B05B-932F-4876-9A57-099178E9D4DB}.Debug|Any CPU.Build.0 = Debug|Any CPU
		{9A15B05B-932F-4876-9A57-099178E9D4DB}.Debug|x64.ActiveCfg = Debug|Any CPU
		{9A15B05B-932F-4876-9A57-099178E9D4DB}.Debug|x64.Build.0 = Debug|Any CPU
		{9A15B05B-932F-4876-9A57-099178E9D4DB}.Debug|x86.ActiveCfg = Debug|Any CPU
		{9A15B05B-932F-4876-9A57-099178E9D4DB}.Debug|x86.Build.0 = Debug|Any CPU
		{9A15B05B-932F-4876-9A57-099178E9D4DB}.Release|Any CPU.ActiveCfg = Release|Any CPU
		{9A15B05B-932F-4876-9A57-099178E9D4DB}.Release|Any CPU.Build.0 = Release|Any CPU
		{9A15B05B-932F-4876-9A57-099178E9D4DB}.Release|x64.ActiveCfg = Release|Any CPU
		{9A15B05B-932F-4876-9A57-099178E9D4DB}.Release|x64.Build.0 = Release|Any CPU
		{9A15B05B-932F-4876-9A57-099178E9D4DB}.Release|x86.ActiveCfg = Release|Any CPU
		{9A15B05B-932F-4876-9A57-099178E9D4DB}.Release|x86.Build.0 = Release|Any CPU
		{CA8BDA77-5221-4C3D-AED3-E4622ECEE8FC}.Debug|Any CPU.ActiveCfg = Debug|Any CPU
		{CA8BDA77-5221-4C3D-AED3-E4622ECEE8FC}.Debug|Any CPU.Build.0 = Debug|Any CPU
		{CA8BDA77-5221-4C3D-AED3-E4622ECEE8FC}.Debug|x64.ActiveCfg = Debug|Any CPU
		{CA8BDA77-5221-4C3D-AED3-E4622ECEE8FC}.Debug|x64.Build.0 = Debug|Any CPU
		{CA8BDA77-5221-4C3D-AED3-E4622ECEE8FC}.Debug|x86.ActiveCfg = Debug|Any CPU
		{CA8BDA77-5221-4C3D-AED3-E4622ECEE8FC}.Debug|x86.Build.0 = Debug|Any CPU
		{CA8BDA77-5221-4C3D-AED3-E4622ECEE8FC}.Release|Any CPU.ActiveCfg = Release|Any CPU
		{CA8BDA77-5221-4C3D-AED3-E4622ECEE8FC}.Release|Any CPU.Build.0 = Release|Any CPU
		{CA8BDA77-5221-4C3D-AED3-E4622ECEE8FC}.Release|x64.ActiveCfg = Release|Any CPU
		{CA8BDA77-5221-4C3D-AED3-E4622ECEE8FC}.Release|x64.Build.0 = Release|Any CPU
		{CA8BDA77-5221-4C3D-AED3-E4622ECEE8FC}.Release|x86.ActiveCfg = Release|Any CPU
		{CA8BDA77-5221-4C3D-AED3-E4622ECEE8FC}.Release|x86.Build.0 = Release|Any CPU
	EndGlobalSection
	GlobalSection(SolutionProperties) = preSolution
		HideSolutionNode = FALSE
	EndGlobalSection
	GlobalSection(NestedProjects) = preSolution
		{7DB8B08F-4EE5-41DD-B951-5402D5F08EDE} = {F606A719-951D-4211-A965-F137EC206174}
		{1E316B58-081D-4C53-8A09-250A69EB31D1} = {19C3B053-83A2-43D0-9B24-60B453A2CE1B}
		{B62579A5-A9A0-4450-BCCA-C047A36A170B} = {F606A719-951D-4211-A965-F137EC206174}
		{77A9CFD4-D8FD-414D-BDF3-B2529B911881} = {F606A719-951D-4211-A965-F137EC206174}
		{C8F26BE5-367A-48CF-8CA1-D2D9BD531C5A} = {F606A719-951D-4211-A965-F137EC206174}
		{BAC980B9-3416-4BFC-A2E4-65715BD96635} = {F606A719-951D-4211-A965-F137EC206174}
		{9E733DFA-AEC1-4CCC-8D41-9D888BAD6237} = {19C3B053-83A2-43D0-9B24-60B453A2CE1B}
		{88D2A618-3E79-4AFA-875B-EDCE01BB2EAC} = {19C3B053-83A2-43D0-9B24-60B453A2CE1B}
		{8109078E-45B5-48DF-8835-6D7CBB1E4219} = {F606A719-951D-4211-A965-F137EC206174}
		{33A5DD01-C688-4152-AF36-4CB7D86D78CF} = {F606A719-951D-4211-A965-F137EC206174}
		{699663CB-9830-4FF7-BC15-007523739DC7} = {F606A719-951D-4211-A965-F137EC206174}
		{6D3EB197-EDA6-4761-B6B3-1511EFF5851D} = {F606A719-951D-4211-A965-F137EC206174}
		{B60311F1-B2CF-47A0-BD9D-73F11D1701CE} = {19C3B053-83A2-43D0-9B24-60B453A2CE1B}
		{96C93048-D655-4E07-860A-1C7FBF623A3C} = {F606A719-951D-4211-A965-F137EC206174}
		{287BAAF3-B53C-4B39-905C-1BD9932906B2} = {F606A719-951D-4211-A965-F137EC206174}
		{1BF94881-573D-49E0-B498-DCEB6331B8C1} = {19C3B053-83A2-43D0-9B24-60B453A2CE1B}
		{5BEC4381-7703-4F1B-9483-79066B1315ED} = {19C3B053-83A2-43D0-9B24-60B453A2CE1B}
		{3AD34345-60F1-4A13-9428-A05AA38ADC01} = {19C3B053-83A2-43D0-9B24-60B453A2CE1B}
		{3F599EBA-4003-4537-8465-6BE360114651} = {19C3B053-83A2-43D0-9B24-60B453A2CE1B}
		{9A15B05B-932F-4876-9A57-099178E9D4DB} = {F606A719-951D-4211-A965-F137EC206174}
		{CA8BDA77-5221-4C3D-AED3-E4622ECEE8FC} = {19C3B053-83A2-43D0-9B24-60B453A2CE1B}
	EndGlobalSection
	GlobalSection(ExtensibilityGlobals) = postSolution
		SolutionGuid = {D57F6C91-CA0D-4F45-AAA0-C4B9A1ABE69B}
	EndGlobalSection
EndGlobal
